
Microsoft Visual Studio Solution File, Format Version 12.00
# Visual Studio Version 17
VisualStudioVersion = 17.1.32421.90
MinimumVisualStudioVersion = 10.0.40219.1
Project("{9A19103F-16F7-4668-BE54-9A1E7A4F7556}") = "ServiceSignerBase", "ServiceSignerBase\ServiceSignerBase.csproj", "{46E99ABA-2219-4F4B-A551-E086EF69CF20}"
EndProject
Project("{2150E333-8FDC-42A3-9474-1A3956D46DE8}") = "Solution Items", "Solution Items", "{408112C2-BB40-4069-A9E4-E868E8DDE62B}"
EndProject
Project("{9A19103F-16F7-4668-BE54-9A1E7A4F7556}") = "SignTest", "SignTest\SignTest.csproj", "{41C49022-D986-46B3-9173-042F55381D59}"
EndProject
Project("{9A19103F-16F7-4668-BE54-9A1E7A4F7556}") = "SignerServiceTest", "SignerServiceTest\SignerServiceTest.csproj", "{FE76F66A-D1A0-4F7E-BE10-39D4E108ECF2}"
EndProject
Global
	GlobalSection(SolutionConfigurationPlatforms) = preSolution
		Debug|Any CPU = Debug|Any CPU
		Release|Any CPU = Release|Any CPU
	EndGlobalSection
	GlobalSection(ProjectConfigurationPlatforms) = postSolution
		{46E99ABA-2219-4F4B-A551-E086EF69CF20}.Debug|Any CPU.ActiveCfg = Debug|Any CPU
		{46E99ABA-2219-4F4B-A551-E086EF69CF20}.Debug|Any CPU.Build.0 = Debug|Any CPU
		{46E99ABA-2219-4F4B-A551-E086EF69CF20}.Release|Any CPU.ActiveCfg = Release|Any CPU
		{46E99ABA-2219-4F4B-A551-E086EF69CF20}.Release|Any CPU.Build.0 = Release|Any CPU
		{41C49022-D986-46B3-9173-042F55381D59}.Debug|Any CPU.ActiveCfg = Debug|Any CPU
		{41C49022-D986-46B3-9173-042F55381D59}.Debug|Any CPU.Build.0 = Debug|Any CPU
		{41C49022-D986-46B3-9173-042F55381D59}.Release|Any CPU.ActiveCfg = Release|Any CPU
		{41C49022-D986-46B3-9173-042F55381D59}.Release|Any CPU.Build.0 = Release|Any CPU
		{FE76F66A-D1A0-4F7E-BE10-39D4E108ECF2}.Debug|Any CPU.ActiveCfg = Debug|Any CPU
		{FE76F66A-D1A0-4F7E-BE10-39D4E108ECF2}.Debug|Any CPU.Build.0 = Debug|Any CPU
		{FE76F66A-D1A0-4F7E-BE10-39D4E108ECF2}.Release|Any CPU.ActiveCfg = Release|Any CPU
		{FE76F66A-D1A0-4F7E-BE10-39D4E108ECF2}.Release|Any CPU.Build.0 = Release|Any CPU
	EndGlobalSection
	GlobalSection(SolutionProperties) = preSolution
		HideSolutionNode = FALSE
	EndGlobalSection
	GlobalSection(ExtensibilityGlobals) = postSolution
		SolutionGuid = {53E2ACFB-17AD-43CE-82A3-C1CDFF8F84A7}
	EndGlobalSection
EndGlobal
